
Microsoft Visual Studio Solution File, Format Version 11.00
# Visual Studio 2010
Project("{FAE04EC0-301F-11D3-BF4B-00C04F79EFBC}") = "NPSTransectTool", "NPSTransectTool\NPSTransectTool.csproj", "{0E8BF0E2-E0D3-49F3-BCB6-FEA93BBB3DFD}"
EndProject
Project("{FAE04EC0-301F-11D3-BF4B-00C04F79EFBC}") = "NPSTransectAddin", "NPSTransectAddin\NPSTransectAddin.csproj", "{261B8CE0-3563-49DE-A2E6-0C0F887E1565}"
EndProject
Global
	GlobalSection(SolutionConfigurationPlatforms) = preSolution
		Debug|Any CPU = Debug|Any CPU
		Release|Any CPU = Release|Any CPU
	EndGlobalSection
	GlobalSection(ProjectConfigurationPlatforms) = postSolution
		{0E8BF0E2-E0D3-49F3-BCB6-FEA93BBB3DFD}.Debug|Any CPU.ActiveCfg = Debug|Any CPU
		{0E8BF0E2-E0D3-49F3-BCB6-FEA93BBB3DFD}.Debug|Any CPU.Build.0 = Debug|Any CPU
		{0E8BF0E2-E0D3-49F3-BCB6-FEA93BBB3DFD}.Release|Any CPU.ActiveCfg = Release|Any CPU
		{0E8BF0E2-E0D3-49F3-BCB6-FEA93BBB3DFD}.Release|Any CPU.Build.0 = Release|Any CPU
		{261B8CE0-3563-49DE-A2E6-0C0F887E1565}.Debug|Any CPU.ActiveCfg = Debug|Any CPU
		{261B8CE0-3563-49DE-A2E6-0C0F887E1565}.Debug|Any CPU.Build.0 = Debug|Any CPU
		{261B8CE0-3563-49DE-A2E6-0C0F887E1565}.Release|Any CPU.ActiveCfg = Release|Any CPU
		{261B8CE0-3563-49DE-A2E6-0C0F887E1565}.Release|Any CPU.Build.0 = Release|Any CPU
	EndGlobalSection
	GlobalSection(SolutionProperties) = preSolution
		HideSolutionNode = FALSE
	EndGlobalSection
	GlobalSection(ExtensibilityGlobals) = postSolution
		VisualSVNWorkingCopyRoot = 
	EndGlobalSection
EndGlobal
